
Microsoft Visual Studio Solution File, Format Version 12.00
# Visual Studio Version 16
VisualStudioVersion = 16.0.29418.71
MinimumVisualStudioVersion = 10.0.40219.1
Project("{FAE04EC0-301F-11D3-BF4B-00C04F79EFBC}") = "HW6", "HW6.csproj", "{BED8BFB5-1216-432D-960D-653178E99298}"
EndProject
Global
	GlobalSection(SolutionConfigurationPlatforms) = preSolution
		Debug|Any CPU = Debug|Any CPU
		Release|Any CPU = Release|Any CPU
	EndGlobalSection
	GlobalSection(ProjectConfigurationPlatforms) = postSolution
		{BED8BFB5-1216-432D-960D-653178E99298}.Debug|Any CPU.ActiveCfg = Debug|Any CPU
		{BED8BFB5-1216-432D-960D-653178E99298}.Debug|Any CPU.Build.0 = Debug|Any CPU
		{BED8BFB5-1216-432D-960D-653178E99298}.Release|Any CPU.ActiveCfg = Release|Any CPU
		{BED8BFB5-1216-432D-960D-653178E99298}.Release|Any CPU.Build.0 = Release|Any CPU
	EndGlobalSection
	GlobalSection(SolutionProperties) = preSolution
		HideSolutionNode = FALSE
	EndGlobalSection
	GlobalSection(ExtensibilityGlobals) = postSolution
		SolutionGuid = {1D5620F0-D61D-4568-AAA7-729208645F7B}
	EndGlobalSection
EndGlobal
